// !$*UTF8*$!
{
	archiveVersion = 1;
	classes = {
	};
	objectVersion = 50;
	objects = {

/* Begin PBXBuildFile section */
		1D06FD26239A9615001C527D /* CardiacFrequencyViewController.swift in Sources */ = {isa = PBXBuildFile; fileRef = 1D06FD24239A9615001C527D /* CardiacFrequencyViewController.swift */; };
		1D06FD27239A9615001C527D /* CardiacFrequencyViewController.xib in Resources */ = {isa = PBXBuildFile; fileRef = 1D06FD25239A9615001C527D /* CardiacFrequencyViewController.xib */; };
		1D06FD2B239A9E08001C527D /* PedometerViewController.swift in Sources */ = {isa = PBXBuildFile; fileRef = 1D06FD29239A9E08001C527D /* PedometerViewController.swift */; };
		1D06FD2C239A9E08001C527D /* PedometerViewController.xib in Resources */ = {isa = PBXBuildFile; fileRef = 1D06FD2A239A9E08001C527D /* PedometerViewController.xib */; };
		1D06FD30239A9E62001C527D /* BatteryLifeViewController.swift in Sources */ = {isa = PBXBuildFile; fileRef = 1D06FD2E239A9E62001C527D /* BatteryLifeViewController.swift */; };
		1D06FD31239A9E62001C527D /* BatteryLifeViewController.xib in Resources */ = {isa = PBXBuildFile; fileRef = 1D06FD2F239A9E62001C527D /* BatteryLifeViewController.xib */; };
		1D06FD35239A9E8E001C527D /* AccelerometerDatasViewController.swift in Sources */ = {isa = PBXBuildFile; fileRef = 1D06FD33239A9E8E001C527D /* AccelerometerDatasViewController.swift */; };
		1D06FD36239A9E8E001C527D /* AccelerometerDatasViewController.xib in Resources */ = {isa = PBXBuildFile; fileRef = 1D06FD34239A9E8E001C527D /* AccelerometerDatasViewController.xib */; };
		1D06FD3A239A9EB8001C527D /* CaloriesTrackingViewController.swift in Sources */ = {isa = PBXBuildFile; fileRef = 1D06FD38239A9EB8001C527D /* CaloriesTrackingViewController.swift */; };
		1D06FD3B239A9EB8001C527D /* CaloriesTrackingViewController.xib in Resources */ = {isa = PBXBuildFile; fileRef = 1D06FD39239A9EB8001C527D /* CaloriesTrackingViewController.xib */; };
		1D06FD3E239AA170001C527D /* CustomCollectionView.swift in Sources */ = {isa = PBXBuildFile; fileRef = 1D06FD3D239AA170001C527D /* CustomCollectionView.swift */; };
		1D06FD49239AB6AF001C527D /* ChartViewController.swift in Sources */ = {isa = PBXBuildFile; fileRef = 1D06FD47239AB6AF001C527D /* ChartViewController.swift */; };
		1D06FD4A239AB6AF001C527D /* ChartViewController.xib in Resources */ = {isa = PBXBuildFile; fileRef = 1D06FD48239AB6AF001C527D /* ChartViewController.xib */; };
		1D06FD4D239AB6C1001C527D /* StatusViewController.swift in Sources */ = {isa = PBXBuildFile; fileRef = 1D06FD4B239AB6C1001C527D /* StatusViewController.swift */; };
		1D06FD4E239AB6C1001C527D /* StatusViewController.xib in Resources */ = {isa = PBXBuildFile; fileRef = 1D06FD4C239AB6C1001C527D /* StatusViewController.xib */; };
		1DBB70142399136A00203CB9 /* AppDelegate.swift in Sources */ = {isa = PBXBuildFile; fileRef = 1DBB70132399136A00203CB9 /* AppDelegate.swift */; };
		1DBB70162399136A00203CB9 /* ViewController.swift in Sources */ = {isa = PBXBuildFile; fileRef = 1DBB70152399136A00203CB9 /* ViewController.swift */; };
		1DBB701B2399136B00203CB9 /* Assets.xcassets in Resources */ = {isa = PBXBuildFile; fileRef = 1DBB701A2399136B00203CB9 /* Assets.xcassets */; };
		1DBB701E2399136B00203CB9 /* LaunchScreen.storyboard in Resources */ = {isa = PBXBuildFile; fileRef = 1DBB701C2399136B00203CB9 /* LaunchScreen.storyboard */; };
		1DBB7028239913E300203CB9 /* MenuViewController.swift in Sources */ = {isa = PBXBuildFile; fileRef = 1DBB7026239913E300203CB9 /* MenuViewController.swift */; };
		1DBB7029239913E300203CB9 /* MenuViewController.xib in Resources */ = {isa = PBXBuildFile; fileRef = 1DBB7027239913E300203CB9 /* MenuViewController.xib */; };
		1DBB702B239918A400203CB9 /* Menu.swift in Sources */ = {isa = PBXBuildFile; fileRef = 1DBB702A239918A400203CB9 /* Menu.swift */; };
		1DBB702F239995E800203CB9 /* MenuCollectionViewCell.swift in Sources */ = {isa = PBXBuildFile; fileRef = 1DBB702E239995E800203CB9 /* MenuCollectionViewCell.swift */; };
		1DBB703523999DBC00203CB9 /* UIIMageView.swift in Sources */ = {isa = PBXBuildFile; fileRef = 1DBB703423999DBC00203CB9 /* UIIMageView.swift */; };
		1DBB703723999E2100203CB9 /* MenuTableViewCell.swift in Sources */ = {isa = PBXBuildFile; fileRef = 1DBB703623999E2100203CB9 /* MenuTableViewCell.swift */; };
		1DD7340523A2AB77005BE373 /* XiaomiMiBand2Constants.swift in Sources */ = {isa = PBXBuildFile; fileRef = 1DD7340423A2AB77005BE373 /* XiaomiMiBand2Constants.swift */; };
		1DD7340723A2ACB1005BE373 /* XiaomiMiBand2Service.swift in Sources */ = {isa = PBXBuildFile; fileRef = 1DD7340623A2ACB1005BE373 /* XiaomiMiBand2Service.swift */; };
/* End PBXBuildFile section */

/* Begin PBXFileReference section */
		1D06FD24239A9615001C527D /* CardiacFrequencyViewController.swift */ = {isa = PBXFileReference; lastKnownFileType = sourcecode.swift; path = CardiacFrequencyViewController.swift; sourceTree = "<group>"; };
		1D06FD25239A9615001C527D /* CardiacFrequencyViewController.xib */ = {isa = PBXFileReference; lastKnownFileType = file.xib; path = CardiacFrequencyViewController.xib; sourceTree = "<group>"; };
		1D06FD29239A9E08001C527D /* PedometerViewController.swift */ = {isa = PBXFileReference; lastKnownFileType = sourcecode.swift; path = PedometerViewController.swift; sourceTree = "<group>"; };
		1D06FD2A239A9E08001C527D /* PedometerViewController.xib */ = {isa = PBXFileReference; lastKnownFileType = file.xib; path = PedometerViewController.xib; sourceTree = "<group>"; };
		1D06FD2E239A9E62001C527D /* BatteryLifeViewController.swift */ = {isa = PBXFileReference; lastKnownFileType = sourcecode.swift; path = BatteryLifeViewController.swift; sourceTree = "<group>"; };
		1D06FD2F239A9E62001C527D /* BatteryLifeViewController.xib */ = {isa = PBXFileReference; lastKnownFileType = file.xib; path = BatteryLifeViewController.xib; sourceTree = "<group>"; };
		1D06FD33239A9E8E001C527D /* AccelerometerDatasViewController.swift */ = {isa = PBXFileReference; lastKnownFileType = sourcecode.swift; path = AccelerometerDatasViewController.swift; sourceTree = "<group>"; };
		1D06FD34239A9E8E001C527D /* AccelerometerDatasViewController.xib */ = {isa = PBXFileReference; lastKnownFileType = file.xib; path = AccelerometerDatasViewController.xib; sourceTree = "<group>"; };
		1D06FD38239A9EB8001C527D /* CaloriesTrackingViewController.swift */ = {isa = PBXFileReference; lastKnownFileType = sourcecode.swift; path = CaloriesTrackingViewController.swift; sourceTree = "<group>"; };
		1D06FD39239A9EB8001C527D /* CaloriesTrackingViewController.xib */ = {isa = PBXFileReference; lastKnownFileType = file.xib; path = CaloriesTrackingViewController.xib; sourceTree = "<group>"; };
		1D06FD3D239AA170001C527D /* CustomCollectionView.swift */ = {isa = PBXFileReference; lastKnownFileType = sourcecode.swift; path = CustomCollectionView.swift; sourceTree = "<group>"; };
		1D06FD47239AB6AF001C527D /* ChartViewController.swift */ = {isa = PBXFileReference; lastKnownFileType = sourcecode.swift; path = ChartViewController.swift; sourceTree = "<group>"; };
		1D06FD48239AB6AF001C527D /* ChartViewController.xib */ = {isa = PBXFileReference; lastKnownFileType = file.xib; path = ChartViewController.xib; sourceTree = "<group>"; };
		1D06FD4B239AB6C1001C527D /* StatusViewController.swift */ = {isa = PBXFileReference; lastKnownFileType = sourcecode.swift; path = StatusViewController.swift; sourceTree = "<group>"; };
		1D06FD4C239AB6C1001C527D /* StatusViewController.xib */ = {isa = PBXFileReference; lastKnownFileType = file.xib; path = StatusViewController.xib; sourceTree = "<group>"; };
		1DBB70102399136A00203CB9 /* XiaomiConnectedIosApp.app */ = {isa = PBXFileReference; explicitFileType = wrapper.application; includeInIndex = 0; path = XiaomiConnectedIosApp.app; sourceTree = BUILT_PRODUCTS_DIR; };
		1DBB70132399136A00203CB9 /* AppDelegate.swift */ = {isa = PBXFileReference; lastKnownFileType = sourcecode.swift; path = AppDelegate.swift; sourceTree = "<group>"; };
		1DBB70152399136A00203CB9 /* ViewController.swift */ = {isa = PBXFileReference; lastKnownFileType = sourcecode.swift; path = ViewController.swift; sourceTree = "<group>"; };
		1DBB701A2399136B00203CB9 /* Assets.xcassets */ = {isa = PBXFileReference; lastKnownFileType = folder.assetcatalog; path = Assets.xcassets; sourceTree = "<group>"; };
		1DBB701D2399136B00203CB9 /* Base */ = {isa = PBXFileReference; lastKnownFileType = file.storyboard; name = Base; path = Base.lproj/LaunchScreen.storyboard; sourceTree = "<group>"; };
		1DBB701F2399136B00203CB9 /* Info.plist */ = {isa = PBXFileReference; lastKnownFileType = text.plist.xml; path = Info.plist; sourceTree = "<group>"; };
		1DBB7026239913E300203CB9 /* MenuViewController.swift */ = {isa = PBXFileReference; lastKnownFileType = sourcecode.swift; path = MenuViewController.swift; sourceTree = "<group>"; };
		1DBB7027239913E300203CB9 /* MenuViewController.xib */ = {isa = PBXFileReference; lastKnownFileType = file.xib; path = MenuViewController.xib; sourceTree = "<group>"; };
		1DBB702A239918A400203CB9 /* Menu.swift */ = {isa = PBXFileReference; lastKnownFileType = sourcecode.swift; path = Menu.swift; sourceTree = "<group>"; };
		1DBB702E239995E800203CB9 /* MenuCollectionViewCell.swift */ = {isa = PBXFileReference; lastKnownFileType = sourcecode.swift; path = MenuCollectionViewCell.swift; sourceTree = "<group>"; };
		1DBB703423999DBC00203CB9 /* UIIMageView.swift */ = {isa = PBXFileReference; lastKnownFileType = sourcecode.swift; path = UIIMageView.swift; sourceTree = "<group>"; };
		1DBB703623999E2100203CB9 /* MenuTableViewCell.swift */ = {isa = PBXFileReference; lastKnownFileType = sourcecode.swift; path = MenuTableViewCell.swift; sourceTree = "<group>"; };
		1DD7340423A2AB77005BE373 /* XiaomiMiBand2Constants.swift */ = {isa = PBXFileReference; lastKnownFileType = sourcecode.swift; path = XiaomiMiBand2Constants.swift; sourceTree = "<group>"; };
		1DD7340623A2ACB1005BE373 /* XiaomiMiBand2Service.swift */ = {isa = PBXFileReference; lastKnownFileType = sourcecode.swift; path = XiaomiMiBand2Service.swift; sourceTree = "<group>"; };
/* End PBXFileReference section */

/* Begin PBXFrameworksBuildPhase section */
		1DBB700D2399136A00203CB9 /* Frameworks */ = {
			isa = PBXFrameworksBuildPhase;
			buildActionMask = 2147483647;
			files = (
			);
			runOnlyForDeploymentPostprocessing = 0;
		};
/* End PBXFrameworksBuildPhase section */

/* Begin PBXGroup section */
		1D06FD28239A9DF8001C527D /* Pedometer */ = {
			isa = PBXGroup;
			children = (
				1D06FD29239A9E08001C527D /* PedometerViewController.swift */,
				1D06FD2A239A9E08001C527D /* PedometerViewController.xib */,
			);
			path = Pedometer;
			sourceTree = "<group>";
		};
		1D06FD2D239A9E4F001C527D /* Battery */ = {
			isa = PBXGroup;
			children = (
				1D06FD2E239A9E62001C527D /* BatteryLifeViewController.swift */,
				1D06FD2F239A9E62001C527D /* BatteryLifeViewController.xib */,
			);
			path = Battery;
			sourceTree = "<group>";
		};
		1D06FD32239A9E78001C527D /* Accelerometer */ = {
			isa = PBXGroup;
			children = (
				1D06FD33239A9E8E001C527D /* AccelerometerDatasViewController.swift */,
				1D06FD34239A9E8E001C527D /* AccelerometerDatasViewController.xib */,
			);
			path = Accelerometer;
			sourceTree = "<group>";
		};
		1D06FD37239A9EA7001C527D /* Calorie */ = {
			isa = PBXGroup;
			children = (
				1D06FD38239A9EB8001C527D /* CaloriesTrackingViewController.swift */,
				1D06FD39239A9EB8001C527D /* CaloriesTrackingViewController.xib */,
			);
			path = Calorie;
			sourceTree = "<group>";
		};
		1D06FD45239AB68B001C527D /* StatusViewController */ = {
			isa = PBXGroup;
			children = (
				1D06FD4B239AB6C1001C527D /* StatusViewController.swift */,
				1D06FD4C239AB6C1001C527D /* StatusViewController.xib */,
			);
			path = StatusViewController;
			sourceTree = "<group>";
		};
		1D06FD46239AB697001C527D /* ChartViewController */ = {
			isa = PBXGroup;
			children = (
				1D06FD47239AB6AF001C527D /* ChartViewController.swift */,
				1D06FD48239AB6AF001C527D /* ChartViewController.xib */,
			);
			path = ChartViewController;
			sourceTree = "<group>";
		};
		1DBB70072399136A00203CB9 = {
			isa = PBXGroup;
			children = (
				1DBB70122399136A00203CB9 /* XiaomiConnectedIosApp */,
				1DBB70112399136A00203CB9 /* Products */,
			);
			sourceTree = "<group>";
		};
		1DBB70112399136A00203CB9 /* Products */ = {
			isa = PBXGroup;
			children = (
				1DBB70102399136A00203CB9 /* XiaomiConnectedIosApp.app */,
			);
			name = Products;
			sourceTree = "<group>";
		};
		1DBB70122399136A00203CB9 /* XiaomiConnectedIosApp */ = {
			isa = PBXGroup;
			children = (
				1DD7340323A2AB4C005BE373 /* XiaomiMiBand2 */,
				1D06FD37239A9EA7001C527D /* Calorie */,
				1D06FD32239A9E78001C527D /* Accelerometer */,
				1D06FD2D239A9E4F001C527D /* Battery */,
				1D06FD28239A9DF8001C527D /* Pedometer */,
				1DBB703323999DAC00203CB9 /* extension */,
				1DBB7030239997CC00203CB9 /* Model */,
				1DBB702D239995CA00203CB9 /* CollectionViewCell */,
				1DBB702C239959CC00203CB9 /* CardiacFrequency */,
				1DBB7025239913BA00203CB9 /* Menu */,
				1DBB70132399136A00203CB9 /* AppDelegate.swift */,
				1DBB70152399136A00203CB9 /* ViewController.swift */,
				1DBB701A2399136B00203CB9 /* Assets.xcassets */,
				1DBB701C2399136B00203CB9 /* LaunchScreen.storyboard */,
				1DBB701F2399136B00203CB9 /* Info.plist */,
			);
			path = XiaomiConnectedIosApp;
			sourceTree = "<group>";
		};
		1DBB7025239913BA00203CB9 /* Menu */ = {
			isa = PBXGroup;
			children = (
				1DBB7026239913E300203CB9 /* MenuViewController.swift */,
				1DBB7027239913E300203CB9 /* MenuViewController.xib */,
			);
			path = Menu;
			sourceTree = "<group>";
		};
		1DBB702C239959CC00203CB9 /* CardiacFrequency */ = {
			isa = PBXGroup;
			children = (
				1D06FD46239AB697001C527D /* ChartViewController */,
				1D06FD45239AB68B001C527D /* StatusViewController */,
				1D06FD24239A9615001C527D /* CardiacFrequencyViewController.swift */,
				1D06FD25239A9615001C527D /* CardiacFrequencyViewController.xib */,
			);
			path = CardiacFrequency;
			sourceTree = "<group>";
		};
		1DBB702D239995CA00203CB9 /* CollectionViewCell */ = {
			isa = PBXGroup;
			children = (
				1DBB702E239995E800203CB9 /* MenuCollectionViewCell.swift */,
				1DBB703623999E2100203CB9 /* MenuTableViewCell.swift */,
				1D06FD3D239AA170001C527D /* CustomCollectionView.swift */,
			);
			path = CollectionViewCell;
			sourceTree = "<group>";
		};
		1DBB7030239997CC00203CB9 /* Model */ = {
			isa = PBXGroup;
			children = (
				1DBB702A239918A400203CB9 /* Menu.swift */,
			);
			path = Model;
			sourceTree = "<group>";
		};
		1DBB703323999DAC00203CB9 /* extension */ = {
			isa = PBXGroup;
			children = (
				1DBB703423999DBC00203CB9 /* UIIMageView.swift */,
			);
			path = extension;
			sourceTree = "<group>";
		};
		1DD7340323A2AB4C005BE373 /* XiaomiMiBand2 */ = {
			isa = PBXGroup;
			children = (
				1DD7340423A2AB77005BE373 /* XiaomiMiBand2Constants.swift */,
				1DD7340623A2ACB1005BE373 /* XiaomiMiBand2Service.swift */,
			);
			path = XiaomiMiBand2;
			sourceTree = "<group>";
		};
/* End PBXGroup section */

/* Begin PBXNativeTarget section */
		1DBB700F2399136A00203CB9 /* XiaomiConnectedIosApp */ = {
			isa = PBXNativeTarget;
			buildConfigurationList = 1DBB70222399136B00203CB9 /* Build configuration list for PBXNativeTarget "XiaomiConnectedIosApp" */;
			buildPhases = (
				1DBB700C2399136A00203CB9 /* Sources */,
				1DBB700D2399136A00203CB9 /* Frameworks */,
				1DBB700E2399136A00203CB9 /* Resources */,
			);
			buildRules = (
			);
			dependencies = (
			);
			name = XiaomiConnectedIosApp;
			productName = XiaomiConnectedIosApp;
			productReference = 1DBB70102399136A00203CB9 /* XiaomiConnectedIosApp.app */;
			productType = "com.apple.product-type.application";
		};
/* End PBXNativeTarget section */

/* Begin PBXProject section */
		1DBB70082399136A00203CB9 /* Project object */ = {
			isa = PBXProject;
			attributes = {
				LastSwiftUpdateCheck = 1010;
				LastUpgradeCheck = 1010;
				ORGANIZATIONNAME = Lukile;
				TargetAttributes = {
					1DBB700F2399136A00203CB9 = {
						CreatedOnToolsVersion = 10.1;
					};
				};
			};
			buildConfigurationList = 1DBB700B2399136A00203CB9 /* Build configuration list for PBXProject "XiaomiConnectedIosApp" */;
			compatibilityVersion = "Xcode 9.3";
			developmentRegion = en;
			hasScannedForEncodings = 0;
			knownRegions = (
				en,
				Base,
			);
			mainGroup = 1DBB70072399136A00203CB9;
			productRefGroup = 1DBB70112399136A00203CB9 /* Products */;
			projectDirPath = "";
			projectRoot = "";
			targets = (
				1DBB700F2399136A00203CB9 /* XiaomiConnectedIosApp */,
			);
		};
/* End PBXProject section */

/* Begin PBXResourcesBuildPhase section */
		1DBB700E2399136A00203CB9 /* Resources */ = {
			isa = PBXResourcesBuildPhase;
			buildActionMask = 2147483647;
			files = (
				1D06FD36239A9E8E001C527D /* AccelerometerDatasViewController.xib in Resources */,
				1D06FD2C239A9E08001C527D /* PedometerViewController.xib in Resources */,
				1DBB701E2399136B00203CB9 /* LaunchScreen.storyboard in Resources */,
				1D06FD3B239A9EB8001C527D /* CaloriesTrackingViewController.xib in Resources */,
				1D06FD4A239AB6AF001C527D /* ChartViewController.xib in Resources */,
				1DBB7029239913E300203CB9 /* MenuViewController.xib in Resources */,
				1DBB701B2399136B00203CB9 /* Assets.xcassets in Resources */,
				1D06FD31239A9E62001C527D /* BatteryLifeViewController.xib in Resources */,
				1D06FD4E239AB6C1001C527D /* StatusViewController.xib in Resources */,
				1D06FD27239A9615001C527D /* CardiacFrequencyViewController.xib in Resources */,
			);
			runOnlyForDeploymentPostprocessing = 0;
		};
/* End PBXResourcesBuildPhase section */

/* Begin PBXSourcesBuildPhase section */
		1DBB700C2399136A00203CB9 /* Sources */ = {
			isa = PBXSourcesBuildPhase;
			buildActionMask = 2147483647;
			files = (
				1D06FD30239A9E62001C527D /* BatteryLifeViewController.swift in Sources */,
				1D06FD49239AB6AF001C527D /* ChartViewController.swift in Sources */,
				1DD7340723A2ACB1005BE373 /* XiaomiMiBand2Service.swift in Sources */,
				1D06FD35239A9E8E001C527D /* AccelerometerDatasViewController.swift in Sources */,
				1DBB70162399136A00203CB9 /* ViewController.swift in Sources */,
				1D06FD4D239AB6C1001C527D /* StatusViewController.swift in Sources */,
				1DBB7028239913E300203CB9 /* MenuViewController.swift in Sources */,
				1DBB703723999E2100203CB9 /* MenuTableViewCell.swift in Sources */,
				1D06FD3E239AA170001C527D /* CustomCollectionView.swift in Sources */,
				1DD7340523A2AB77005BE373 /* XiaomiMiBand2Constants.swift in Sources */,
				1D06FD2B239A9E08001C527D /* PedometerViewController.swift in Sources */,
				1DBB703523999DBC00203CB9 /* UIIMageView.swift in Sources */,
				1DBB702B239918A400203CB9 /* Menu.swift in Sources */,
				1DBB70142399136A00203CB9 /* AppDelegate.swift in Sources */,
				1DBB702F239995E800203CB9 /* MenuCollectionViewCell.swift in Sources */,
				1D06FD26239A9615001C527D /* CardiacFrequencyViewController.swift in Sources */,
				1D06FD3A239A9EB8001C527D /* CaloriesTrackingViewController.swift in Sources */,
			);
			runOnlyForDeploymentPostprocessing = 0;
		};
/* End PBXSourcesBuildPhase section */

/* Begin PBXVariantGroup section */
		1DBB701C2399136B00203CB9 /* LaunchScreen.storyboard */ = {
			isa = PBXVariantGroup;
			children = (
				1DBB701D2399136B00203CB9 /* Base */,
			);
			name = LaunchScreen.storyboard;
			sourceTree = "<group>";
		};
/* End PBXVariantGroup section */

/* Begin XCBuildConfiguration section */
		1DBB70202399136B00203CB9 /* Debug */ = {
			isa = XCBuildConfiguration;
			buildSettings = {
				ALWAYS_SEARCH_USER_PATHS = NO;
				CLANG_ANALYZER_NONNULL = YES;
				CLANG_ANALYZER_NUMBER_OBJECT_CONVERSION = YES_AGGRESSIVE;
				CLANG_CXX_LANGUAGE_STANDARD = "gnu++14";
				CLANG_CXX_LIBRARY = "libc++";
				CLANG_ENABLE_MODULES = YES;
				CLANG_ENABLE_OBJC_ARC = YES;
				CLANG_ENABLE_OBJC_WEAK = YES;
				CLANG_WARN_BLOCK_CAPTURE_AUTORELEASING = YES;
				CLANG_WARN_BOOL_CONVERSION = YES;
				CLANG_WARN_COMMA = YES;
				CLANG_WARN_CONSTANT_CONVERSION = YES;
				CLANG_WARN_DEPRECATED_OBJC_IMPLEMENTATIONS = YES;
				CLANG_WARN_DIRECT_OBJC_ISA_USAGE = YES_ERROR;
				CLANG_WARN_DOCUMENTATION_COMMENTS = YES;
				CLANG_WARN_EMPTY_BODY = YES;
				CLANG_WARN_ENUM_CONVERSION = YES;
				CLANG_WARN_INFINITE_RECURSION = YES;
				CLANG_WARN_INT_CONVERSION = YES;
				CLANG_WARN_NON_LITERAL_NULL_CONVERSION = YES;
				CLANG_WARN_OBJC_IMPLICIT_RETAIN_SELF = YES;
				CLANG_WARN_OBJC_LITERAL_CONVERSION = YES;
				CLANG_WARN_OBJC_ROOT_CLASS = YES_ERROR;
				CLANG_WARN_RANGE_LOOP_ANALYSIS = YES;
				CLANG_WARN_STRICT_PROTOTYPES = YES;
				CLANG_WARN_SUSPICIOUS_MOVE = YES;
				CLANG_WARN_UNGUARDED_AVAILABILITY = YES_AGGRESSIVE;
				CLANG_WARN_UNREACHABLE_CODE = YES;
				CLANG_WARN__DUPLICATE_METHOD_MATCH = YES;
				CODE_SIGN_IDENTITY = "iPhone Developer";
				COPY_PHASE_STRIP = NO;
				DEBUG_INFORMATION_FORMAT = dwarf;
				ENABLE_STRICT_OBJC_MSGSEND = YES;
				ENABLE_TESTABILITY = YES;
				GCC_C_LANGUAGE_STANDARD = gnu11;
				GCC_DYNAMIC_NO_PIC = NO;
				GCC_NO_COMMON_BLOCKS = YES;
				GCC_OPTIMIZATION_LEVEL = 0;
				GCC_PREPROCESSOR_DEFINITIONS = (
					"DEBUG=1",
					"$(inherited)",
				);
				GCC_WARN_64_TO_32_BIT_CONVERSION = YES;
				GCC_WARN_ABOUT_RETURN_TYPE = YES_ERROR;
				GCC_WARN_UNDECLARED_SELECTOR = YES;
				GCC_WARN_UNINITIALIZED_AUTOS = YES_AGGRESSIVE;
				GCC_WARN_UNUSED_FUNCTION = YES;
				GCC_WARN_UNUSED_VARIABLE = YES;
				IPHONEOS_DEPLOYMENT_TARGET = 12.1;
				MTL_ENABLE_DEBUG_INFO = INCLUDE_SOURCE;
				MTL_FAST_MATH = YES;
				ONLY_ACTIVE_ARCH = YES;
				SDKROOT = iphoneos;
				SWIFT_ACTIVE_COMPILATION_CONDITIONS = DEBUG;
				SWIFT_OPTIMIZATION_LEVEL = "-Onone";
			};
			name = Debug;
		};
		1DBB70212399136B00203CB9 /* Release */ = {
			isa = XCBuildConfiguration;
			buildSettings = {
				ALWAYS_SEARCH_USER_PATHS = NO;
				CLANG_ANALYZER_NONNULL = YES;
				CLANG_ANALYZER_NUMBER_OBJECT_CONVERSION = YES_AGGRESSIVE;
				CLANG_CXX_LANGUAGE_STANDARD = "gnu++14";
				CLANG_CXX_LIBRARY = "libc++";
				CLANG_ENABLE_MODULES = YES;
				CLANG_ENABLE_OBJC_ARC = YES;
				CLANG_ENABLE_OBJC_WEAK = YES;
				CLANG_WARN_BLOCK_CAPTURE_AUTORELEASING = YES;
				CLANG_WARN_BOOL_CONVERSION = YES;
				CLANG_WARN_COMMA = YES;
				CLANG_WARN_CONSTANT_CONVERSION = YES;
				CLANG_WARN_DEPRECATED_OBJC_IMPLEMENTATIONS = YES;
				CLANG_WARN_DIRECT_OBJC_ISA_USAGE = YES_ERROR;
				CLANG_WARN_DOCUMENTATION_COMMENTS = YES;
				CLANG_WARN_EMPTY_BODY = YES;
				CLANG_WARN_ENUM_CONVERSION = YES;
				CLANG_WARN_INFINITE_RECURSION = YES;
				CLANG_WARN_INT_CONVERSION = YES;
				CLANG_WARN_NON_LITERAL_NULL_CONVERSION = YES;
				CLANG_WARN_OBJC_IMPLICIT_RETAIN_SELF = YES;
				CLANG_WARN_OBJC_LITERAL_CONVERSION = YES;
				CLANG_WARN_OBJC_ROOT_CLASS = YES_ERROR;
				CLANG_WARN_RANGE_LOOP_ANALYSIS = YES;
				CLANG_WARN_STRICT_PROTOTYPES = YES;
				CLANG_WARN_SUSPICIOUS_MOVE = YES;
				CLANG_WARN_UNGUARDED_AVAILABILITY = YES_AGGRESSIVE;
				CLANG_WARN_UNREACHABLE_CODE = YES;
				CLANG_WARN__DUPLICATE_METHOD_MATCH = YES;
				CODE_SIGN_IDENTITY = "iPhone Developer";
				COPY_PHASE_STRIP = NO;
				DEBUG_INFORMATION_FORMAT = "dwarf-with-dsym";
				ENABLE_NS_ASSERTIONS = NO;
				ENABLE_STRICT_OBJC_MSGSEND = YES;
				GCC_C_LANGUAGE_STANDARD = gnu11;
				GCC_NO_COMMON_BLOCKS = YES;
				GCC_WARN_64_TO_32_BIT_CONVERSION = YES;
				GCC_WARN_ABOUT_RETURN_TYPE = YES_ERROR;
				GCC_WARN_UNDECLARED_SELECTOR = YES;
				GCC_WARN_UNINITIALIZED_AUTOS = YES_AGGRESSIVE;
				GCC_WARN_UNUSED_FUNCTION = YES;
				GCC_WARN_UNUSED_VARIABLE = YES;
				IPHONEOS_DEPLOYMENT_TARGET = 12.1;
				MTL_ENABLE_DEBUG_INFO = NO;
				MTL_FAST_MATH = YES;
				SDKROOT = iphoneos;
				SWIFT_COMPILATION_MODE = wholemodule;
				SWIFT_OPTIMIZATION_LEVEL = "-O";
				VALIDATE_PRODUCT = YES;
			};
			name = Release;
		};
		1DBB70232399136B00203CB9 /* Debug */ = {
			isa = XCBuildConfiguration;
			buildSettings = {
				ASSETCATALOG_COMPILER_APPICON_NAME = AppIcon;
				CODE_SIGN_STYLE = Automatic;
				INFOPLIST_FILE = XiaomiConnectedIosApp/Info.plist;
				LD_RUNPATH_SEARCH_PATHS = (
					"$(inherited)",
					"@executable_path/Frameworks",
				);
				PRODUCT_BUNDLE_IDENTIFIER = pouet.XiaomiConnectedIosApp;
				PRODUCT_NAME = "$(TARGET_NAME)";
				SWIFT_VERSION = 4.2;
				TARGETED_DEVICE_FAMILY = "1,2";
			};
			name = Debug;
		};
		1DBB70242399136B00203CB9 /* Release */ = {
			isa = XCBuildConfiguration;
			buildSettings = {
				ASSETCATALOG_COMPILER_APPICON_NAME = AppIcon;
				CODE_SIGN_STYLE = Automatic;
				INFOPLIST_FILE = XiaomiConnectedIosApp/Info.plist;
				LD_RUNPATH_SEARCH_PATHS = (
					"$(inherited)",
					"@executable_path/Frameworks",
				);
				PRODUCT_BUNDLE_IDENTIFIER = pouet.XiaomiConnectedIosApp;
				PRODUCT_NAME = "$(TARGET_NAME)";
				SWIFT_VERSION = 4.2;
				TARGETED_DEVICE_FAMILY = "1,2";
			};
			name = Release;
		};
/* End XCBuildConfiguration section */

/* Begin XCConfigurationList section */
		1DBB700B2399136A00203CB9 /* Build configuration list for PBXProject "XiaomiConnectedIosApp" */ = {
			isa = XCConfigurationList;
			buildConfigurations = (
				1DBB70202399136B00203CB9 /* Debug */,
				1DBB70212399136B00203CB9 /* Release */,
			);
			defaultConfigurationIsVisible = 0;
			defaultConfigurationName = Release;
		};
		1DBB70222399136B00203CB9 /* Build configuration list for PBXNativeTarget "XiaomiConnectedIosApp" */ = {
			isa = XCConfigurationList;
			buildConfigurations = (
				1DBB70232399136B00203CB9 /* Debug */,
				1DBB70242399136B00203CB9 /* Release */,
			);
			defaultConfigurationIsVisible = 0;
			defaultConfigurationName = Release;
		};
/* End XCConfigurationList section */
	};
	rootObject = 1DBB70082399136A00203CB9 /* Project object */;
}
